<Solution>
  <Folder Name="/src/" />
  <Folder Name="/src/StrategyEngine/">
    <Project Path="src/StrategyEngine/StrategyEngine.Api/StrategyEngine.Api.csproj" />
    <Project Path="src/StrategyEngine/StrategyEngine.Domain/StrategyEngine.Domain.csproj" />
  </Folder>
  <Folder Name="/tests/">
    <Project Path="tests/StrategyEngine.Domain.Tests/StrategyEngine.Domain.Tests.csproj" />
  </Folder>
</Solution>
